// !$*UTF8*$!
{
	archiveVersion = 1;
	classes = {
	};
	objectVersion = 70;
	objects = {

/* Begin PBXBuildFile section */
		A39ABEDF2B6F5B60009498EA /* Note.swift in Sources */ = {isa = PBXBuildFile; fileRef = A39ABEDE2B6F5B60009498EA /* Note.swift */; };
		A39ABEE12B6F5EB3009498EA /* AddNewNoteView.swift in Sources */ = {isa = PBXBuildFile; fileRef = A39ABEE02B6F5EB3009498EA /* AddNewNoteView.swift */; };
		A39ABEE32B6F61E4009498EA /* NotesListView.swift in Sources */ = {isa = PBXBuildFile; fileRef = A39ABEE22B6F61E4009498EA /* NotesListView.swift */; };
		A39ABEE52B6F687E009498EA /* Genre.swift in Sources */ = {isa = PBXBuildFile; fileRef = A39ABEE42B6F687E009498EA /* Genre.swift */; };
		A39ABEE72B6F6A00009498EA /* GenreListView.swift in Sources */ = {isa = PBXBuildFile; fileRef = A39ABEE62B6F6A00009498EA /* GenreListView.swift */; };
		A39ABEE92B6F6BAC009498EA /* AddNewGenreView.swift in Sources */ = {isa = PBXBuildFile; fileRef = A39ABEE82B6F6BAC009498EA /* AddNewGenreView.swift */; };
		A39ABEEB2B6F758D009498EA /* GenereSelectionView.swift in Sources */ = {isa = PBXBuildFile; fileRef = A39ABEEA2B6F758D009498EA /* GenereSelectionView.swift */; };
		A39ABEF02B6F82EC009498EA /* GenreDetailsView.swift in Sources */ = {isa = PBXBuildFile; fileRef = A39ABEEF2B6F82EC009498EA /* GenreDetailsView.swift */; };
		A39ABEF22B6F88E8009498EA /* HiddentModifier.swift in Sources */ = {isa = PBXBuildFile; fileRef = A39ABEF12B6F88E8009498EA /* HiddentModifier.swift */; };
		A39ABEFB2B70E3D7009498EA /* GenreSortOrder.swift in Sources */ = {isa = PBXBuildFile; fileRef = A39ABEFA2B70E3D7009498EA /* GenreSortOrder.swift */; };
		A39ABEFF2B70E4D4009498EA /* GenreListSubView.swift in Sources */ = {isa = PBXBuildFile; fileRef = A39ABEFE2B70E4D4009498EA /* GenreListSubView.swift */; };
		A39ABF012B721A1A009498EA /* BookListSubView.swift in Sources */ = {isa = PBXBuildFile; fileRef = A39ABF002B721A1A009498EA /* BookListSubView.swift */; };
		A39ABF032B72686F009498EA /* SortingOption.swift in Sources */ = {isa = PBXBuildFile; fileRef = A39ABF022B72686F009498EA /* SortingOption.swift */; };
		A39ABF062B735BE6009498EA /* BookList.png in Resources */ = {isa = PBXBuildFile; fileRef = A39ABF052B735BE6009498EA /* BookList.png */; };
		A39ABF082B735C0D009498EA /* AddBook.png in Resources */ = {isa = PBXBuildFile; fileRef = A39ABF072B735C0D009498EA /* AddBook.png */; };
		A39ABF0A2B735C55009498EA /* Sort.png in Resources */ = {isa = PBXBuildFile; fileRef = A39ABF092B735C54009498EA /* Sort.png */; };
		A39ABF0C2B735C85009498EA /* BookDetails.png in Resources */ = {isa = PBXBuildFile; fileRef = A39ABF0B2B735C85009498EA /* BookDetails.png */; };
		A39ABF0E2B735CAD009498EA /* GenreList.png in Resources */ = {isa = PBXBuildFile; fileRef = A39ABF0D2B735CAD009498EA /* GenreList.png */; };
		A39ABF102B735CEA009498EA /* AddGenre.png in Resources */ = {isa = PBXBuildFile; fileRef = A39ABF0F2B735CEA009498EA /* AddGenre.png */; };
		A39ABF122B735D0D009498EA /* BooksInGenre.png in Resources */ = {isa = PBXBuildFile; fileRef = A39ABF112B735D0D009498EA /* BooksInGenre.png */; };
		A3A59E2D2B6608C900245973 /* ReadingLogsApp.swift in Sources */ = {isa = PBXBuildFile; fileRef = A3A59E2C2B6608C900245973 /* ReadingLogsApp.swift */; };
		A3A59E2F2B6608C900245973 /* ContentView.swift in Sources */ = {isa = PBXBuildFile; fileRef = A3A59E2E2B6608C900245973 /* ContentView.swift */; };
		A3A59E312B6608CB00245973 /* Assets.xcassets in Resources */ = {isa = PBXBuildFile; fileRef = A3A59E302B6608CB00245973 /* Assets.xcassets */; };
		A3A59E352B6608CB00245973 /* Preview Assets.xcassets in Resources */ = {isa = PBXBuildFile; fileRef = A3A59E342B6608CB00245973 /* Preview Assets.xcassets */; };
		A3A59E3C2B66092100245973 /* Readme.MD in Resources */ = {isa = PBXBuildFile; fileRef = A3A59E3B2B66092000245973 /* Readme.MD */; };
		A3A59E3F2B66098A00245973 /* Book.swift in Sources */ = {isa = PBXBuildFile; fileRef = A3A59E3E2B66098A00245973 /* Book.swift */; };
		A3A59E422B660B6600245973 /* AddNewBookView.swift in Sources */ = {isa = PBXBuildFile; fileRef = A3A59E412B660B6600245973 /* AddNewBookView.swift */; };
		A3A59E442B66131E00245973 /* BookListView.swift in Sources */ = {isa = PBXBuildFile; fileRef = A3A59E432B66131E00245973 /* BookListView.swift */; };
		A3A59E462B6614FA00245973 /* BookCellView.swift in Sources */ = {isa = PBXBuildFile; fileRef = A3A59E452B6614FA00245973 /* BookCellView.swift */; };
		A3A59E482B661A7F00245973 /* BookDetailView.swift in Sources */ = {isa = PBXBuildFile; fileRef = A3A59E472B661A7F00245973 /* BookDetailView.swift */; };
/* End PBXBuildFile section */

/* Begin PBXFileReference section */
		A39ABEDE2B6F5B60009498EA /* Note.swift */ = {isa = PBXFileReference; lastKnownFileType = sourcecode.swift; path = Note.swift; sourceTree = "<group>"; };
		A39ABEE02B6F5EB3009498EA /* AddNewNoteView.swift */ = {isa = PBXFileReference; lastKnownFileType = sourcecode.swift; path = AddNewNoteView.swift; sourceTree = "<group>"; };
		A39ABEE22B6F61E4009498EA /* NotesListView.swift */ = {isa = PBXFileReference; lastKnownFileType = sourcecode.swift; path = NotesListView.swift; sourceTree = "<group>"; };
		A39ABEE42B6F687E009498EA /* Genre.swift */ = {isa = PBXFileReference; lastKnownFileType = sourcecode.swift; path = Genre.swift; sourceTree = "<group>"; };
		A39ABEE62B6F6A00009498EA /* GenreListView.swift */ = {isa = PBXFileReference; lastKnownFileType = sourcecode.swift; path = GenreListView.swift; sourceTree = "<group>"; };
		A39ABEE82B6F6BAC009498EA /* AddNewGenreView.swift */ = {isa = PBXFileReference; lastKnownFileType = sourcecode.swift; path = AddNewGenreView.swift; sourceTree = "<group>"; };
		A39ABEEA2B6F758D009498EA /* GenereSelectionView.swift */ = {isa = PBXFileReference; lastKnownFileType = sourcecode.swift; path = GenereSelectionView.swift; sourceTree = "<group>"; };
		A39ABEEF2B6F82EC009498EA /* GenreDetailsView.swift */ = {isa = PBXFileReference; lastKnownFileType = sourcecode.swift; path = GenreDetailsView.swift; sourceTree = "<group>"; };
		A39ABEF12B6F88E8009498EA /* HiddentModifier.swift */ = {isa = PBXFileReference; lastKnownFileType = sourcecode.swift; path = HiddentModifier.swift; sourceTree = "<group>"; };
		A39ABEFA2B70E3D7009498EA /* GenreSortOrder.swift */ = {isa = PBXFileReference; lastKnownFileType = sourcecode.swift; path = GenreSortOrder.swift; sourceTree = "<group>"; };
		A39ABEFE2B70E4D4009498EA /* GenreListSubView.swift */ = {isa = PBXFileReference; lastKnownFileType = sourcecode.swift; path = GenreListSubView.swift; sourceTree = "<group>"; };
		A39ABF002B721A1A009498EA /* BookListSubView.swift */ = {isa = PBXFileReference; lastKnownFileType = sourcecode.swift; path = BookListSubView.swift; sourceTree = "<group>"; };
		A39ABF022B72686F009498EA /* SortingOption.swift */ = {isa = PBXFileReference; lastKnownFileType = sourcecode.swift; path = SortingOption.swift; sourceTree = "<group>"; };
		A39ABF052B735BE6009498EA /* BookList.png */ = {isa = PBXFileReference; lastKnownFileType = image.png; path = BookList.png; sourceTree = "<group>"; };
		A39ABF072B735C0D009498EA /* AddBook.png */ = {isa = PBXFileReference; lastKnownFileType = image.png; path = AddBook.png; sourceTree = "<group>"; };
		A39ABF092B735C54009498EA /* Sort.png */ = {isa = PBXFileReference; lastKnownFileType = image.png; path = Sort.png; sourceTree = "<group>"; };
		A39ABF0B2B735C85009498EA /* BookDetails.png */ = {isa = PBXFileReference; lastKnownFileType = image.png; path = BookDetails.png; sourceTree = "<group>"; };
		A39ABF0D2B735CAD009498EA /* GenreList.png */ = {isa = PBXFileReference; lastKnownFileType = image.png; path = GenreList.png; sourceTree = "<group>"; };
		A39ABF0F2B735CEA009498EA /* AddGenre.png */ = {isa = PBXFileReference; lastKnownFileType = image.png; path = AddGenre.png; sourceTree = "<group>"; };
		A39ABF112B735D0D009498EA /* BooksInGenre.png */ = {isa = PBXFileReference; lastKnownFileType = image.png; path = BooksInGenre.png; sourceTree = "<group>"; };
		A3A59E292B6608C900245973 /* ReadingLogs.app */ = {isa = PBXFileReference; explicitFileType = wrapper.application; includeInIndex = 0; path = ReadingLogs.app; sourceTree = BUILT_PRODUCTS_DIR; };
		A3A59E2C2B6608C900245973 /* ReadingLogsApp.swift */ = {isa = PBXFileReference; lastKnownFileType = sourcecode.swift; path = ReadingLogsApp.swift; sourceTree = "<group>"; };
		A3A59E2E2B6608C900245973 /* ContentView.swift */ = {isa = PBXFileReference; lastKnownFileType = sourcecode.swift; path = ContentView.swift; sourceTree = "<group>"; };
		A3A59E302B6608CB00245973 /* Assets.xcassets */ = {isa = PBXFileReference; lastKnownFileType = folder.assetcatalog; path = Assets.xcassets; sourceTree = "<group>"; };
		A3A59E322B6608CB00245973 /* ReadingLogs.entitlements */ = {isa = PBXFileReference; lastKnownFileType = text.plist.entitlements; path = ReadingLogs.entitlements; sourceTree = "<group>"; };
		A3A59E342B6608CB00245973 /* Preview Assets.xcassets */ = {isa = PBXFileReference; lastKnownFileType = folder.assetcatalog; path = "Preview Assets.xcassets"; sourceTree = "<group>"; };
		A3A59E3B2B66092000245973 /* Readme.MD */ = {isa = PBXFileReference; lastKnownFileType = net.daringfireball.markdown; path = Readme.MD; sourceTree = "<group>"; };
		A3A59E3E2B66098A00245973 /* Book.swift */ = {isa = PBXFileReference; lastKnownFileType = sourcecode.swift; path = Book.swift; sourceTree = "<group>"; };
		A3A59E412B660B6600245973 /* AddNewBookView.swift */ = {isa = PBXFileReference; lastKnownFileType = sourcecode.swift; path = AddNewBookView.swift; sourceTree = "<group>"; };
		A3A59E432B66131E00245973 /* BookListView.swift */ = {isa = PBXFileReference; lastKnownFileType = sourcecode.swift; path = BookListView.swift; sourceTree = "<group>"; };
		A3A59E452B6614FA00245973 /* BookCellView.swift */ = {isa = PBXFileReference; lastKnownFileType = sourcecode.swift; path = BookCellView.swift; sourceTree = "<group>"; };
		A3A59E472B661A7F00245973 /* BookDetailView.swift */ = {isa = PBXFileReference; lastKnownFileType = sourcecode.swift; path = BookDetailView.swift; sourceTree = "<group>"; };
/* End PBXFileReference section */

/* Begin PBXFileSystemSynchronizedRootGroup section */
		86A87D962E1E4EDE00A1AA7F /* DataSource */ = {isa = PBXFileSystemSynchronizedRootGroup; explicitFileTypes = {}; explicitFolders = (); path = DataSource; sourceTree = "<group>"; };
		86A87D992E1E4F7C00A1AA7F /* ViewModels */ = {isa = PBXFileSystemSynchronizedRootGroup; explicitFileTypes = {}; explicitFolders = (); path = ViewModels; sourceTree = "<group>"; };
/* End PBXFileSystemSynchronizedRootGroup section */

/* Begin PBXFrameworksBuildPhase section */
		A3A59E262B6608C900245973 /* Frameworks */ = {
			isa = PBXFrameworksBuildPhase;
			buildActionMask = 2147483647;
			files = (
			);
			runOnlyForDeploymentPostprocessing = 0;
		};
/* End PBXFrameworksBuildPhase section */

/* Begin PBXGroup section */
		A39ABEEC2B6F75A4009498EA /* Books */ = {
			isa = PBXGroup;
			children = (
				A39ABEF92B70DB5C009498EA /* Model */,
				A39ABEF82B70DB51009498EA /* Views */,
			);
			path = Books;
			sourceTree = "<group>";
		};
		A39ABEED2B6F75AD009498EA /* Genres */ = {
			isa = PBXGroup;
			children = (
				A39ABEF52B70DB16009498EA /* Views */,
				A39ABEF42B70DB07009498EA /* Model */,
			);
			path = Genres;
			sourceTree = "<group>";
		};
		A39ABEEE2B6F75B4009498EA /* Notes */ = {
			isa = PBXGroup;
			children = (
				A39ABEF72B70DB3F009498EA /* Views */,
				A39ABEF62B70DB26009498EA /* Model */,
			);
			path = Notes;
			sourceTree = "<group>";
		};
		A39ABEF32B6F89ED009498EA /* Modifiers */ = {
			isa = PBXGroup;
			children = (
				A39ABEF12B6F88E8009498EA /* HiddentModifier.swift */,
			);
			path = Modifiers;
			sourceTree = "<group>";
		};
		A39ABEF42B70DB07009498EA /* Model */ = {
			isa = PBXGroup;
			children = (
				A39ABEE42B6F687E009498EA /* Genre.swift */,
				A39ABEFA2B70E3D7009498EA /* GenreSortOrder.swift */,
			);
			path = Model;
			sourceTree = "<group>";
		};
		A39ABEF52B70DB16009498EA /* Views */ = {
			isa = PBXGroup;
			children = (
				A39ABEFE2B70E4D4009498EA /* GenreListSubView.swift */,
				A39ABEEA2B6F758D009498EA /* GenereSelectionView.swift */,
				A39ABEE82B6F6BAC009498EA /* AddNewGenreView.swift */,
				A39ABEE62B6F6A00009498EA /* GenreListView.swift */,
				A39ABEEF2B6F82EC009498EA /* GenreDetailsView.swift */,
			);
			path = Views;
			sourceTree = "<group>";
		};
		A39ABEF62B70DB26009498EA /* Model */ = {
			isa = PBXGroup;
			children = (
				A39ABEDE2B6F5B60009498EA /* Note.swift */,
			);
			path = Model;
			sourceTree = "<group>";
		};
		A39ABEF72B70DB3F009498EA /* Views */ = {
			isa = PBXGroup;
			children = (
				A39ABEE02B6F5EB3009498EA /* AddNewNoteView.swift */,
				A39ABEE22B6F61E4009498EA /* NotesListView.swift */,
			);
			path = Views;
			sourceTree = "<group>";
		};
		A39ABEF82B70DB51009498EA /* Views */ = {
			isa = PBXGroup;
			children = (
				A39ABF002B721A1A009498EA /* BookListSubView.swift */,
				A3A59E432B66131E00245973 /* BookListView.swift */,
				A3A59E412B660B6600245973 /* AddNewBookView.swift */,
				A3A59E452B6614FA00245973 /* BookCellView.swift */,
				A3A59E472B661A7F00245973 /* BookDetailView.swift */,
			);
			path = Views;
			sourceTree = "<group>";
		};
		A39ABEF92B70DB5C009498EA /* Model */ = {
			isa = PBXGroup;
			children = (
				A3A59E3E2B66098A00245973 /* Book.swift */,
				A39ABF022B72686F009498EA /* SortingOption.swift */,
			);
			path = Model;
			sourceTree = "<group>";
		};
		A39ABF042B735B63009498EA /* Images */ = {
			isa = PBXGroup;
			children = (
				A39ABF052B735BE6009498EA /* BookList.png */,
				A39ABF072B735C0D009498EA /* AddBook.png */,
				A39ABF092B735C54009498EA /* Sort.png */,
				A39ABF0B2B735C85009498EA /* BookDetails.png */,
				A39ABF0D2B735CAD009498EA /* GenreList.png */,
				A39ABF0F2B735CEA009498EA /* AddGenre.png */,
				A39ABF112B735D0D009498EA /* BooksInGenre.png */,
			);
			path = Images;
			sourceTree = "<group>";
		};
		A3A59E202B6608C900245973 = {
			isa = PBXGroup;
			children = (
				A39ABF042B735B63009498EA /* Images */,
				A3A59E3B2B66092000245973 /* Readme.MD */,
				A3A59E2B2B6608C900245973 /* ReadingLogs */,
				A3A59E2A2B6608C900245973 /* Products */,
			);
			sourceTree = "<group>";
		};
		A3A59E2A2B6608C900245973 /* Products */ = {
			isa = PBXGroup;
			children = (
				A3A59E292B6608C900245973 /* ReadingLogs.app */,
			);
			name = Products;
			sourceTree = "<group>";
		};
		A3A59E2B2B6608C900245973 /* ReadingLogs */ = {
			isa = PBXGroup;
			children = (
				86A87D992E1E4F7C00A1AA7F /* ViewModels */,
				86A87D962E1E4EDE00A1AA7F /* DataSource */,
				A39ABEED2B6F75AD009498EA /* Genres */,
				A39ABEEE2B6F75B4009498EA /* Notes */,
				A39ABEEC2B6F75A4009498EA /* Books */,
				A39ABEF32B6F89ED009498EA /* Modifiers */,
				A3A59E2C2B6608C900245973 /* ReadingLogsApp.swift */,
				A3A59E2E2B6608C900245973 /* ContentView.swift */,
				A3A59E302B6608CB00245973 /* Assets.xcassets */,
				A3A59E322B6608CB00245973 /* ReadingLogs.entitlements */,
				A3A59E332B6608CB00245973 /* Preview Content */,
			);
			path = ReadingLogs;
			sourceTree = "<group>";
		};
		A3A59E332B6608CB00245973 /* Preview Content */ = {
			isa = PBXGroup;
			children = (
				A3A59E342B6608CB00245973 /* Preview Assets.xcassets */,
			);
			path = "Preview Content";
			sourceTree = "<group>";
		};
/* End PBXGroup section */

/* Begin PBXNativeTarget section */
		A3A59E282B6608C900245973 /* ReadingLogs */ = {
			isa = PBXNativeTarget;
			buildConfigurationList = A3A59E382B6608CB00245973 /* Build configuration list for PBXNativeTarget "ReadingLogs" */;
			buildPhases = (
				A3A59E252B6608C900245973 /* Sources */,
				A3A59E262B6608C900245973 /* Frameworks */,
				A3A59E272B6608C900245973 /* Resources */,
			);
			buildRules = (
			);
			dependencies = (
			);
			fileSystemSynchronizedGroups = (
				86A87D962E1E4EDE00A1AA7F /* DataSource */,
				86A87D992E1E4F7C00A1AA7F /* ViewModels */,
			);
			name = ReadingLogs;
			productName = ReadingLogs;
			productReference = A3A59E292B6608C900245973 /* ReadingLogs.app */;
			productType = "com.apple.product-type.application";
		};
/* End PBXNativeTarget section */

/* Begin PBXProject section */
		A3A59E212B6608C900245973 /* Project object */ = {
			isa = PBXProject;
			attributes = {
				BuildIndependentTargetsInParallel = 1;
				LastSwiftUpdateCheck = 1510;
				LastUpgradeCheck = 1510;
				TargetAttributes = {
					A3A59E282B6608C900245973 = {
						CreatedOnToolsVersion = 15.1;
					};
				};
			};
			buildConfigurationList = A3A59E242B6608C900245973 /* Build configuration list for PBXProject "ReadingLogs" */;
			compatibilityVersion = "Xcode 14.0";
			developmentRegion = en;
			hasScannedForEncodings = 0;
			knownRegions = (
				en,
				Base,
			);
			mainGroup = A3A59E202B6608C900245973;
			productRefGroup = A3A59E2A2B6608C900245973 /* Products */;
			projectDirPath = "";
			projectRoot = "";
			targets = (
				A3A59E282B6608C900245973 /* ReadingLogs */,
			);
		};
/* End PBXProject section */

/* Begin PBXResourcesBuildPhase section */
		A3A59E272B6608C900245973 /* Resources */ = {
			isa = PBXResourcesBuildPhase;
			buildActionMask = 2147483647;
			files = (
				A39ABF082B735C0D009498EA /* AddBook.png in Resources */,
				A39ABF122B735D0D009498EA /* BooksInGenre.png in Resources */,
				A3A59E352B6608CB00245973 /* Preview Assets.xcassets in Resources */,
				A3A59E312B6608CB00245973 /* Assets.xcassets in Resources */,
				A39ABF102B735CEA009498EA /* AddGenre.png in Resources */,
				A39ABF0A2B735C55009498EA /* Sort.png in Resources */,
				A39ABF0C2B735C85009498EA /* BookDetails.png in Resources */,
				A39ABF0E2B735CAD009498EA /* GenreList.png in Resources */,
				A39ABF062B735BE6009498EA /* BookList.png in Resources */,
				A3A59E3C2B66092100245973 /* Readme.MD in Resources */,
			);
			runOnlyForDeploymentPostprocessing = 0;
		};
/* End PBXResourcesBuildPhase section */

/* Begin PBXSourcesBuildPhase section */
		A3A59E252B6608C900245973 /* Sources */ = {
			isa = PBXSourcesBuildPhase;
			buildActionMask = 2147483647;
			files = (
				A3A59E422B660B6600245973 /* AddNewBookView.swift in Sources */,
				A39ABEF02B6F82EC009498EA /* GenreDetailsView.swift in Sources */,
				A3A59E462B6614FA00245973 /* BookCellView.swift in Sources */,
				A39ABEE12B6F5EB3009498EA /* AddNewNoteView.swift in Sources */,
				A39ABEE52B6F687E009498EA /* Genre.swift in Sources */,
				A39ABF032B72686F009498EA /* SortingOption.swift in Sources */,
				A39ABEFF2B70E4D4009498EA /* GenreListSubView.swift in Sources */,
				A3A59E2F2B6608C900245973 /* ContentView.swift in Sources */,
				A39ABEDF2B6F5B60009498EA /* Note.swift in Sources */,
				A3A59E442B66131E00245973 /* BookListView.swift in Sources */,
				A39ABEFB2B70E3D7009498EA /* GenreSortOrder.swift in Sources */,
				A39ABF012B721A1A009498EA /* BookListSubView.swift in Sources */,
				A3A59E2D2B6608C900245973 /* ReadingLogsApp.swift in Sources */,
				A3A59E3F2B66098A00245973 /* Book.swift in Sources */,
				A39ABEE32B6F61E4009498EA /* NotesListView.swift in Sources */,
				A39ABEE72B6F6A00009498EA /* GenreListView.swift in Sources */,
				A39ABEEB2B6F758D009498EA /* GenereSelectionView.swift in Sources */,
				A3A59E482B661A7F00245973 /* BookDetailView.swift in Sources */,
				A39ABEE92B6F6BAC009498EA /* AddNewGenreView.swift in Sources */,
				A39ABEF22B6F88E8009498EA /* HiddentModifier.swift in Sources */,
			);
			runOnlyForDeploymentPostprocessing = 0;
		};
/* End PBXSourcesBuildPhase section */

/* Begin XCBuildConfiguration section */
		A3A59E362B6608CB00245973 /* Debug */ = {
			isa = XCBuildConfiguration;
			buildSettings = {
				ALWAYS_SEARCH_USER_PATHS = NO;
				ASSETCATALOG_COMPILER_GENERATE_SWIFT_ASSET_SYMBOL_EXTENSIONS = YES;
				CLANG_ANALYZER_NONNULL = YES;
				CLANG_ANALYZER_NUMBER_OBJECT_CONVERSION = YES_AGGRESSIVE;
				CLANG_CXX_LANGUAGE_STANDARD = "gnu++20";
				CLANG_ENABLE_MODULES = YES;
				CLANG_ENABLE_OBJC_ARC = YES;
				CLANG_ENABLE_OBJC_WEAK = YES;
				CLANG_WARN_BLOCK_CAPTURE_AUTORELEASING = YES;
				CLANG_WARN_BOOL_CONVERSION = YES;
				CLANG_WARN_COMMA = YES;
				CLANG_WARN_CONSTANT_CONVERSION = YES;
				CLANG_WARN_DEPRECATED_OBJC_IMPLEMENTATIONS = YES;
				CLANG_WARN_DIRECT_OBJC_ISA_USAGE = YES_ERROR;
				CLANG_WARN_DOCUMENTATION_COMMENTS = YES;
				CLANG_WARN_EMPTY_BODY = YES;
				CLANG_WARN_ENUM_CONVERSION = YES;
				CLANG_WARN_INFINITE_RECURSION = YES;
				CLANG_WARN_INT_CONVERSION = YES;
				CLANG_WARN_NON_LITERAL_NULL_CONVERSION = YES;
				CLANG_WARN_OBJC_IMPLICIT_RETAIN_SELF = YES;
				CLANG_WARN_OBJC_LITERAL_CONVERSION = YES;
				CLANG_WARN_OBJC_ROOT_CLASS = YES_ERROR;
				CLANG_WARN_QUOTED_INCLUDE_IN_FRAMEWORK_HEADER = YES;
				CLANG_WARN_RANGE_LOOP_ANALYSIS = YES;
				CLANG_WARN_STRICT_PROTOTYPES = YES;
				CLANG_WARN_SUSPICIOUS_MOVE = YES;
				CLANG_WARN_UNGUARDED_AVAILABILITY = YES_AGGRESSIVE;
				CLANG_WARN_UNREACHABLE_CODE = YES;
				CLANG_WARN__DUPLICATE_METHOD_MATCH = YES;
				COPY_PHASE_STRIP = NO;
				DEBUG_INFORMATION_FORMAT = dwarf;
				ENABLE_STRICT_OBJC_MSGSEND = YES;
				ENABLE_TESTABILITY = YES;
				ENABLE_USER_SCRIPT_SANDBOXING = YES;
				GCC_C_LANGUAGE_STANDARD = gnu17;
				GCC_DYNAMIC_NO_PIC = NO;
				GCC_NO_COMMON_BLOCKS = YES;
				GCC_OPTIMIZATION_LEVEL = 0;
				GCC_PREPROCESSOR_DEFINITIONS = (
					"DEBUG=1",
					"$(inherited)",
				);
				GCC_WARN_64_TO_32_BIT_CONVERSION = YES;
				GCC_WARN_ABOUT_RETURN_TYPE = YES_ERROR;
				GCC_WARN_UNDECLARED_SELECTOR = YES;
				GCC_WARN_UNINITIALIZED_AUTOS = YES_AGGRESSIVE;
				GCC_WARN_UNUSED_FUNCTION = YES;
				GCC_WARN_UNUSED_VARIABLE = YES;
				LOCALIZATION_PREFERS_STRING_CATALOGS = YES;
				MTL_ENABLE_DEBUG_INFO = INCLUDE_SOURCE;
				MTL_FAST_MATH = YES;
				ONLY_ACTIVE_ARCH = YES;
				SWIFT_ACTIVE_COMPILATION_CONDITIONS = "DEBUG $(inherited)";
				SWIFT_OPTIMIZATION_LEVEL = "-Onone";
			};
			name = Debug;
		};
		A3A59E372B6608CB00245973 /* Release */ = {
			isa = XCBuildConfiguration;
			buildSettings = {
				ALWAYS_SEARCH_USER_PATHS = NO;
				ASSETCATALOG_COMPILER_GENERATE_SWIFT_ASSET_SYMBOL_EXTENSIONS = YES;
				CLANG_ANALYZER_NONNULL = YES;
				CLANG_ANALYZER_NUMBER_OBJECT_CONVERSION = YES_AGGRESSIVE;
				CLANG_CXX_LANGUAGE_STANDARD = "gnu++20";
				CLANG_ENABLE_MODULES = YES;
				CLANG_ENABLE_OBJC_ARC = YES;
				CLANG_ENABLE_OBJC_WEAK = YES;
				CLANG_WARN_BLOCK_CAPTURE_AUTORELEASING = YES;
				CLANG_WARN_BOOL_CONVERSION = YES;
				CLANG_WARN_COMMA = YES;
				CLANG_WARN_CONSTANT_CONVERSION = YES;
				CLANG_WARN_DEPRECATED_OBJC_IMPLEMENTATIONS = YES;
				CLANG_WARN_DIRECT_OBJC_ISA_USAGE = YES_ERROR;
				CLANG_WARN_DOCUMENTATION_COMMENTS = YES;
				CLANG_WARN_EMPTY_BODY = YES;
				CLANG_WARN_ENUM_CONVERSION = YES;
				CLANG_WARN_INFINITE_RECURSION = YES;
				CLANG_WARN_INT_CONVERSION = YES;
				CLANG_WARN_NON_LITERAL_NULL_CONVERSION = YES;
				CLANG_WARN_OBJC_IMPLICIT_RETAIN_SELF = YES;
				CLANG_WARN_OBJC_LITERAL_CONVERSION = YES;
				CLANG_WARN_OBJC_ROOT_CLASS = YES_ERROR;
				CLANG_WARN_QUOTED_INCLUDE_IN_FRAMEWORK_HEADER = YES;
				CLANG_WARN_RANGE_LOOP_ANALYSIS = YES;
				CLANG_WARN_STRICT_PROTOTYPES = YES;
				CLANG_WARN_SUSPICIOUS_MOVE = YES;
				CLANG_WARN_UNGUARDED_AVAILABILITY = YES_AGGRESSIVE;
				CLANG_WARN_UNREACHABLE_CODE = YES;
				CLANG_WARN__DUPLICATE_METHOD_MATCH = YES;
				COPY_PHASE_STRIP = NO;
				DEBUG_INFORMATION_FORMAT = "dwarf-with-dsym";
				ENABLE_NS_ASSERTIONS = NO;
				ENABLE_STRICT_OBJC_MSGSEND = YES;
				ENABLE_USER_SCRIPT_SANDBOXING = YES;
				GCC_C_LANGUAGE_STANDARD = gnu17;
				GCC_NO_COMMON_BLOCKS = YES;
				GCC_WARN_64_TO_32_BIT_CONVERSION = YES;
				GCC_WARN_ABOUT_RETURN_TYPE = YES_ERROR;
				GCC_WARN_UNDECLARED_SELECTOR = YES;
				GCC_WARN_UNINITIALIZED_AUTOS = YES_AGGRESSIVE;
				GCC_WARN_UNUSED_FUNCTION = YES;
				GCC_WARN_UNUSED_VARIABLE = YES;
				LOCALIZATION_PREFERS_STRING_CATALOGS = YES;
				MTL_ENABLE_DEBUG_INFO = NO;
				MTL_FAST_MATH = YES;
				SWIFT_COMPILATION_MODE = wholemodule;
			};
			name = Release;
		};
		A3A59E392B6608CB00245973 /* Debug */ = {
			isa = XCBuildConfiguration;
			buildSettings = {
				ASSETCATALOG_COMPILER_APPICON_NAME = AppIcon;
				ASSETCATALOG_COMPILER_GLOBAL_ACCENT_COLOR_NAME = AccentColor;
				CODE_SIGN_ENTITLEMENTS = ReadingLogs/ReadingLogs.entitlements;
				CODE_SIGN_STYLE = Automatic;
				CURRENT_PROJECT_VERSION = 1;
				DEVELOPMENT_ASSET_PATHS = "\"ReadingLogs/Preview Content\"";
				ENABLE_PREVIEWS = YES;
				GENERATE_INFOPLIST_FILE = YES;
				"INFOPLIST_KEY_UIApplicationSceneManifest_Generation[sdk=iphoneos*]" = YES;
				"INFOPLIST_KEY_UIApplicationSceneManifest_Generation[sdk=iphonesimulator*]" = YES;
				"INFOPLIST_KEY_UIApplicationSupportsIndirectInputEvents[sdk=iphoneos*]" = YES;
				"INFOPLIST_KEY_UIApplicationSupportsIndirectInputEvents[sdk=iphonesimulator*]" = YES;
				"INFOPLIST_KEY_UILaunchScreen_Generation[sdk=iphoneos*]" = YES;
				"INFOPLIST_KEY_UILaunchScreen_Generation[sdk=iphonesimulator*]" = YES;
				"INFOPLIST_KEY_UIStatusBarStyle[sdk=iphoneos*]" = UIStatusBarStyleDefault;
				"INFOPLIST_KEY_UIStatusBarStyle[sdk=iphonesimulator*]" = UIStatusBarStyleDefault;
				INFOPLIST_KEY_UISupportedInterfaceOrientations_iPad = "UIInterfaceOrientationPortrait UIInterfaceOrientationPortraitUpsideDown UIInterfaceOrientationLandscapeLeft UIInterfaceOrientationLandscapeRight";
				INFOPLIST_KEY_UISupportedInterfaceOrientations_iPhone = "UIInterfaceOrientationPortrait UIInterfaceOrientationLandscapeLeft UIInterfaceOrientationLandscapeRight";
				IPHONEOS_DEPLOYMENT_TARGET = 17.2;
				LD_RUNPATH_SEARCH_PATHS = "@executable_path/Frameworks";
				"LD_RUNPATH_SEARCH_PATHS[sdk=macosx*]" = "@executable_path/../Frameworks";
				MACOSX_DEPLOYMENT_TARGET = 14.2;
				MARKETING_VERSION = 1.0;
				PRODUCT_BUNDLE_IDENTIFIER = com.safiribyetes.ReadingLogs;
				PRODUCT_NAME = "$(TARGET_NAME)";
				SDKROOT = auto;
				SUPPORTED_PLATFORMS = "iphoneos iphonesimulator macosx";
				SWIFT_EMIT_LOC_STRINGS = YES;
				SWIFT_VERSION = 5.0;
				TARGETED_DEVICE_FAMILY = "1,2";
			};
			name = Debug;
		};
		A3A59E3A2B6608CB00245973 /* Release */ = {
			isa = XCBuildConfiguration;
			buildSettings = {
				ASSETCATALOG_COMPILER_APPICON_NAME = AppIcon;
				ASSETCATALOG_COMPILER_GLOBAL_ACCENT_COLOR_NAME = AccentColor;
				CODE_SIGN_ENTITLEMENTS = ReadingLogs/ReadingLogs.entitlements;
				CODE_SIGN_STYLE = Automatic;
				CURRENT_PROJECT_VERSION = 1;
				DEVELOPMENT_ASSET_PATHS = "\"ReadingLogs/Preview Content\"";
				ENABLE_PREVIEWS = YES;
				GENERATE_INFOPLIST_FILE = YES;
				"INFOPLIST_KEY_UIApplicationSceneManifest_Generation[sdk=iphoneos*]" = YES;
				"INFOPLIST_KEY_UIApplicationSceneManifest_Generation[sdk=iphonesimulator*]" = YES;
				"INFOPLIST_KEY_UIApplicationSupportsIndirectInputEvents[sdk=iphoneos*]" = YES;
				"INFOPLIST_KEY_UIApplicationSupportsIndirectInputEvents[sdk=iphonesimulator*]" = YES;
				"INFOPLIST_KEY_UILaunchScreen_Generation[sdk=iphoneos*]" = YES;
				"INFOPLIST_KEY_UILaunchScreen_Generation[sdk=iphonesimulator*]" = YES;
				"INFOPLIST_KEY_UIStatusBarStyle[sdk=iphoneos*]" = UIStatusBarStyleDefault;
				"INFOPLIST_KEY_UIStatusBarStyle[sdk=iphonesimulator*]" = UIStatusBarStyleDefault;
				INFOPLIST_KEY_UISupportedInterfaceOrientations_iPad = "UIInterfaceOrientationPortrait UIInterfaceOrientationPortraitUpsideDown UIInterfaceOrientationLandscapeLeft UIInterfaceOrientationLandscapeRight";
				INFOPLIST_KEY_UISupportedInterfaceOrientations_iPhone = "UIInterfaceOrientationPortrait UIInterfaceOrientationLandscapeLeft UIInterfaceOrientationLandscapeRight";
				IPHONEOS_DEPLOYMENT_TARGET = 17.2;
				LD_RUNPATH_SEARCH_PATHS = "@executable_path/Frameworks";
				"LD_RUNPATH_SEARCH_PATHS[sdk=macosx*]" = "@executable_path/../Frameworks";
				MACOSX_DEPLOYMENT_TARGET = 14.2;
				MARKETING_VERSION = 1.0;
				PRODUCT_BUNDLE_IDENTIFIER = com.safiribyetes.ReadingLogs;
				PRODUCT_NAME = "$(TARGET_NAME)";
				SDKROOT = auto;
				SUPPORTED_PLATFORMS = "iphoneos iphonesimulator macosx";
				SWIFT_EMIT_LOC_STRINGS = YES;
				SWIFT_VERSION = 5.0;
				TARGETED_DEVICE_FAMILY = "1,2";
			};
			name = Release;
		};
/* End XCBuildConfiguration section */

/* Begin XCConfigurationList section */
		A3A59E242B6608C900245973 /* Build configuration list for PBXProject "ReadingLogs" */ = {
			isa = XCConfigurationList;
			buildConfigurations = (
				A3A59E362B6608CB00245973 /* Debug */,
				A3A59E372B6608CB00245973 /* Release */,
			);
			defaultConfigurationIsVisible = 0;
			defaultConfigurationName = Release;
		};
		A3A59E382B6608CB00245973 /* Build configuration list for PBXNativeTarget "ReadingLogs" */ = {
			isa = XCConfigurationList;
			buildConfigurations = (
				A3A59E392B6608CB00245973 /* Debug */,
				A3A59E3A2B6608CB00245973 /* Release */,
			);
			defaultConfigurationIsVisible = 0;
			defaultConfigurationName = Release;
		};
/* End XCConfigurationList section */
	};
	rootObject = A3A59E212B6608C900245973 /* Project object */;
}
